PODS:
  - Flutter (1.0.0)
  - MoEngage-iOS-SDK (9.4.1)
  - moengage_flutter (5.3.0):
    - Flutter
    - MoEngagePluginBase (~> 4.1.0)
  - MoEngageInApp (4.4.0):
    - MoEngage-iOS-SDK (< 9.5.0, >= 9.4.0)
  - MoEngagePluginBase (4.1.0):
    - MoEngage-iOS-SDK (< 9.5.0, >= 9.4.0)
    - MoEngageInApp (< 4.5.0, >= 4.4.0)

DEPENDENCIES:
  - Flutter (from `Flutter`)
  - moengage_flutter (from `.symlinks/plugins/moengage_flutter/ios`)

SPEC REPOS:
  trunk:
    - MoEngage-iOS-SDK
    - MoEngageInApp
    - MoEngagePluginBase

EXTERNAL SOURCES:
  Flutter:
    :path: Flutter
  moengage_flutter:
    :path: ".symlinks/plugins/moengage_flutter/ios"

SPEC CHECKSUMS:
  Flutter: f04841e97a9d0b0a8025694d0796dd46242b2854
  MoEngage-iOS-SDK: b7af14646f44852527ba7420e52ff8bb56b7077d
  moengage_flutter: 2c8bb6b080fb2901deba86b19cd0ffbcd793cbb7
  MoEngageInApp: 94f24b0b1a83ec247dc998f31b08124b09fcab96
  MoEngagePluginBase: e865f388c39d0cf2c7847610876e63b0e5e31c22

PODFILE CHECKSUM: b3da3af3f4077ba305d9e7bdb4f1bb9e003672be

COCOAPODS: 1.11.3
